
Microsoft Visual Studio Solution File, Format Version 12.00
# Visual Studio 15
VisualStudioVersion = 15.0.27428.2015
MinimumVisualStudioVersion = 10.0.40219.1
Project("{8BC9CEB8-8B4A-11D0-8D11-00A0C91BC942}") = "LeapImporter", "LeapImporter\LeapImporter.vcxproj", "{122F12C7-F598-48F1-BD8F-17C3DE2E274A}"
EndProject
Global
	GlobalSection(SolutionConfigurationPlatforms) = preSolution
		Debug|x64 = Debug|x64
		Debug|x86 = Debug|x86
		Release|x64 = Release|x64
		Release|x86 = Release|x86
	EndGlobalSection
	GlobalSection(ProjectConfigurationPlatforms) = postSolution
		{122F12C7-F598-48F1-BD8F-17C3DE2E274A}.Debug|x64.ActiveCfg = Debug|x64
		{122F12C7-F598-48F1-BD8F-17C3DE2E274A}.Debug|x64.Build.0 = Debug|x64
		{122F12C7-F598-48F1-BD8F-17C3DE2E274A}.Debug|x86.ActiveCfg = Debug|Win32
		{122F12C7-F598-48F1-BD8F-17C3DE2E274A}.Debug|x86.Build.0 = Debug|Win32
		{122F12C7-F598-48F1-BD8F-17C3DE2E274A}.Release|x64.ActiveCfg = Release|x64
		{122F12C7-F598-48F1-BD8F-17C3DE2E274A}.Release|x64.Build.0 = Release|x64
		{122F12C7-F598-48F1-BD8F-17C3DE2E274A}.Release|x86.ActiveCfg = Release|Win32
		{122F12C7-F598-48F1-BD8F-17C3DE2E274A}.Release|x86.Build.0 = Release|Win32
	EndGlobalSection
	GlobalSection(SolutionProperties) = preSolution
		HideSolutionNode = FALSE
	EndGlobalSection
	GlobalSection(ExtensibilityGlobals) = postSolution
		SolutionGuid = {40C5FDBC-1905-4F30-B431-209DCFE26954}
	EndGlobalSection
EndGlobal
